{
  "originHash" : "b711e8f7843ceaa02519447cd8062ff28789ee0ae72a1d590c7510b530774a84",
  "pins" : [
    {
      "identity" : "capacitor-swift-pm",
      "kind" : "remoteSourceControl",
      "location" : "https://github.com/ionic-team/capacitor-swift-pm.git",
      "state" : {
        "revision" : "2a8cdc9b1b5b5a3adc7a8ed57cb2c7875682f597",
        "version" : "7.6.1"
      }
    }
  ],
  "version" : 3
}
